
Microsoft Visual Studio Solution File, Format Version 12.00
# Visual Studio Version 17
VisualStudioVersion = 17.0.31717.71
MinimumVisualStudioVersion = 10.0.40219.1
Project("{9A19103F-16F7-4668-BE54-9A1E7A4F7556}") = "EarthLat.Backend.Api", "src\EarthLat.Backend.Api\EarthLat.Backend.Api.csproj", "{17D78946-01D4-4168-8C18-53E95109951D}"
EndProject
Project("{FAE04EC0-301F-11D3-BF4B-00C04F79EFBC}") = "EarthLat.Backend.SyncService", "src\EarthLat.Backend.SyncService\EarthLat.Backend.SyncService.csproj", "{3A90CC69-039E-4F12-AB81-E0CF8EB1200C}"
EndProject
Global
	GlobalSection(SolutionConfigurationPlatforms) = preSolution
		Debug|Any CPU = Debug|Any CPU
		Release|Any CPU = Release|Any CPU
	EndGlobalSection
	GlobalSection(ProjectConfigurationPlatforms) = postSolution
		{17D78946-01D4-4168-8C18-53E95109951D}.Debug|Any CPU.ActiveCfg = Debug|Any CPU
		{17D78946-01D4-4168-8C18-53E95109951D}.Debug|Any CPU.Build.0 = Debug|Any CPU
		{17D78946-01D4-4168-8C18-53E95109951D}.Release|Any CPU.ActiveCfg = Release|Any CPU
		{17D78946-01D4-4168-8C18-53E95109951D}.Release|Any CPU.Build.0 = Release|Any CPU
		{3A90CC69-039E-4F12-AB81-E0CF8EB1200C}.Debug|Any CPU.ActiveCfg = Debug|Any CPU
		{3A90CC69-039E-4F12-AB81-E0CF8EB1200C}.Debug|Any CPU.Build.0 = Debug|Any CPU
		{3A90CC69-039E-4F12-AB81-E0CF8EB1200C}.Release|Any CPU.ActiveCfg = Release|Any CPU
		{3A90CC69-039E-4F12-AB81-E0CF8EB1200C}.Release|Any CPU.Build.0 = Release|Any CPU
	EndGlobalSection
	GlobalSection(SolutionProperties) = preSolution
		HideSolutionNode = FALSE
	EndGlobalSection
	GlobalSection(ExtensibilityGlobals) = postSolution
		SolutionGuid = {CAAF589F-92A4-4E97-91DB-0B44041A53B6}
	EndGlobalSection
EndGlobal
